{
  "name": "Link Bio",
  "lockfileVersion": 3,
  "requires": true,
  "packages": {
    "": {
      "dependencies": {
        "@omniroute/opencode-provider": "^0.1.0"
      }
    },
    "node_modules/@omniroute/opencode-provider": {
      "version": "0.1.0",
      "resolved": "https://registry.npmjs.org/@omniroute/opencode-provider/-/opencode-provider-0.1.0.tgz",
      "integrity": "sha512-1X5/VXMahmgrjwu6gAAQzZwZuPf26k+eRKdvbGrD6wAhRg56FRDH69cb9bKWtM6wqRqvqINb1kYVnWXWCO10CQ==",
      "license": "MIT",
      "engines": {
        "node": ">=20.20.2"
      }
    }
  }
}
